
Microsoft Visual Studio Solution File, Format Version 12.00
# Visual Studio Version 17
VisualStudioVersion = 17.5.002.0
MinimumVisualStudioVersion = 10.0.40219.1
Project("{9A19103F-16F7-4668-BE54-9A1E7A4F7556}") = "AdventOfCode2024", "AdventOfCode2024.csproj", "{FADB176C-1364-4B40-B503-4AF31D1EA92E}"
EndProject
Global
	GlobalSection(SolutionConfigurationPlatforms) = preSolution
		Debug|Any CPU = Debug|Any CPU
		Release|Any CPU = Release|Any CPU
	EndGlobalSection
	GlobalSection(ProjectConfigurationPlatforms) = postSolution
		{FADB176C-1364-4B40-B503-4AF31D1EA92E}.Debug|Any CPU.ActiveCfg = Debug|Any CPU
		{FADB176C-1364-4B40-B503-4AF31D1EA92E}.Debug|Any CPU.Build.0 = Debug|Any CPU
		{FADB176C-1364-4B40-B503-4AF31D1EA92E}.Release|Any CPU.ActiveCfg = Release|Any CPU
		{FADB176C-1364-4B40-B503-4AF31D1EA92E}.Release|Any CPU.Build.0 = Release|Any CPU
	EndGlobalSection
	GlobalSection(SolutionProperties) = preSolution
		HideSolutionNode = FALSE
	EndGlobalSection
	GlobalSection(ExtensibilityGlobals) = postSolution
		SolutionGuid = {0F2C87DF-7F47-43B1-9ABB-FE8C3CC9C56F}
	EndGlobalSection
EndGlobal
